{
  "name": "health-checker",
  "version": "1.0.0",
  "lockfileVersion": 3,
  "requires": true,
  "packages": {
    "": {
      "name": "health-checker",
      "version": "1.0.0",
      "license": "ISC",
      "dependencies": {
        "effector": "^23.2.1",
        "patronum": "^2.2.0"
      }
    },
    "node_modules/effector": {
      "version": "23.2.1",
      "resolved": "https://registry.npmjs.org/effector/-/effector-23.2.1.tgz",
      "integrity": "sha512-WoqZKLJKWOsq91hpxEpaVzIIlREVNNC5IxgRME8/oXvRmvxi+4ITzwxs9NEc1ygyeVLEKAA7zfpNA7eVJ6RmQg==",
      "funding": [
        {
          "type": "patreon",
          "url": "https://www.patreon.com/zero_bias"
        },
        {
          "type": "opencollective",
          "url": "https://opencollective.com/effector"
        }
      ],
      "engines": {
        "node": ">=11.0.0"
      }
    },
    "node_modules/patronum": {
      "version": "2.2.0",
      "resolved": "https://registry.npmjs.org/patronum/-/patronum-2.2.0.tgz",
      "integrity": "sha512-Idsb5swd+2UI1NuBlHJuVA4WlaUeEluZJxGAZ9obCViuEf4pP68bij3f1sZCM/vqqWPsbHclYweDNt/sWu0O1g==",
      "peerDependencies": {
        "effector": "^23"
      }
    }
  }
}
